// !$*UTF8*$!
{
	archiveVersion = 1;
	classes = {
	};
	objectVersion = 46;
	objects = {

/* Begin PBXBuildFile section */
		0515CC6418AB16CA007FB245 /* holeA.png in Resources */ = {isa = PBXBuildFile; fileRef = 0515CC5D18AB16CA007FB245 /* holeA.png */; };
		0515CC6518AB16CA007FB245 /* holeB.png in Resources */ = {isa = PBXBuildFile; fileRef = 0515CC5E18AB16CA007FB245 /* holeB.png */; };
		0515CC6618AB16CA007FB245 /* holeC.png in Resources */ = {isa = PBXBuildFile; fileRef = 0515CC5F18AB16CA007FB245 /* holeC.png */; };
		0515CC6718AB16CA007FB245 /* holeD.png in Resources */ = {isa = PBXBuildFile; fileRef = 0515CC6018AB16CA007FB245 /* holeD.png */; };
		0515CC6818AB16CA007FB245 /* holeE.png in Resources */ = {isa = PBXBuildFile; fileRef = 0515CC6118AB16CA007FB245 /* holeE.png */; };
		0515CC6918AB16CA007FB245 /* holeF.png in Resources */ = {isa = PBXBuildFile; fileRef = 0515CC6218AB16CA007FB245 /* holeF.png */; };
		0515CC6A18AB16CA007FB245 /* holeG.png in Resources */ = {isa = PBXBuildFile; fileRef = 0515CC6318AB16CA007FB245 /* holeG.png */; };
		0515CC6C18AC0F56007FB245 /* backgroundHoleBlurred.png in Resources */ = {isa = PBXBuildFile; fileRef = 0515CC6B18AC0F56007FB245 /* backgroundHoleBlurred.png */; };
		058C552A18A461A700C3E534 /* Foundation.framework in Frameworks */ = {isa = PBXBuildFile; fileRef = 058C552918A461A700C3E534 /* Foundation.framework */; };
		058C552C18A461A700C3E534 /* CoreGraphics.framework in Frameworks */ = {isa = PBXBuildFile; fileRef = 058C552B18A461A700C3E534 /* CoreGraphics.framework */; };
		058C552E18A461A700C3E534 /* UIKit.framework in Frameworks */ = {isa = PBXBuildFile; fileRef = 058C552D18A461A700C3E534 /* UIKit.framework */; };
		058C553018A461A700C3E534 /* GLKit.framework in Frameworks */ = {isa = PBXBuildFile; fileRef = 058C552F18A461A700C3E534 /* GLKit.framework */; };
		058C553218A461A700C3E534 /* OpenGLES.framework in Frameworks */ = {isa = PBXBuildFile; fileRef = 058C553118A461A700C3E534 /* OpenGLES.framework */; };
		058C553818A461A700C3E534 /* InfoPlist.strings in Resources */ = {isa = PBXBuildFile; fileRef = 058C553618A461A700C3E534 /* InfoPlist.strings */; };
		058C553A18A461A700C3E534 /* main.m in Sources */ = {isa = PBXBuildFile; fileRef = 058C553918A461A700C3E534 /* main.m */; };
		058C553E18A461A700C3E534 /* MomonicaAppDelegate.m in Sources */ = {isa = PBXBuildFile; fileRef = 058C553D18A461A700C3E534 /* MomonicaAppDelegate.m */; };
		058C554118A461A700C3E534 /* Main_iPhone.storyboard in Resources */ = {isa = PBXBuildFile; fileRef = 058C553F18A461A700C3E534 /* Main_iPhone.storyboard */; };
		058C554418A461A700C3E534 /* Main_iPad.storyboard in Resources */ = {isa = PBXBuildFile; fileRef = 058C554218A461A700C3E534 /* Main_iPad.storyboard */; };
		058C554B18A461A700C3E534 /* MomonicaViewController.mm in Sources */ = {isa = PBXBuildFile; fileRef = 058C554A18A461A700C3E534 /* MomonicaViewController.mm */; };
		058C554D18A461A700C3E534 /* Images.xcassets in Resources */ = {isa = PBXBuildFile; fileRef = 058C554C18A461A700C3E534 /* Images.xcassets */; };
		058C555418A461A700C3E534 /* XCTest.framework in Frameworks */ = {isa = PBXBuildFile; fileRef = 058C555318A461A700C3E534 /* XCTest.framework */; };
		058C555518A461A700C3E534 /* Foundation.framework in Frameworks */ = {isa = PBXBuildFile; fileRef = 058C552918A461A700C3E534 /* Foundation.framework */; };
		058C555618A461A700C3E534 /* UIKit.framework in Frameworks */ = {isa = PBXBuildFile; fileRef = 058C552D18A461A700C3E534 /* UIKit.framework */; };
		058C555E18A461A700C3E534 /* InfoPlist.strings in Resources */ = {isa = PBXBuildFile; fileRef = 058C555C18A461A700C3E534 /* InfoPlist.strings */; };
		058C556018A461A700C3E534 /* MomonicaTests.m in Sources */ = {isa = PBXBuildFile; fileRef = 058C555F18A461A700C3E534 /* MomonicaTests.m */; };
		05C6DB8A18B2AB160044E9B9 /* DelayL.cpp in Sources */ = {isa = PBXBuildFile; fileRef = 05C6DB8918B2AB160044E9B9 /* DelayL.cpp */; };
		05C6DB8C18B2AB600044E9B9 /* Envelope.cpp in Sources */ = {isa = PBXBuildFile; fileRef = 05C6DB8B18B2AB600044E9B9 /* Envelope.cpp */; };
		05C6DB8E18B2AB750044E9B9 /* OneZero.cpp in Sources */ = {isa = PBXBuildFile; fileRef = 05C6DB8D18B2AB750044E9B9 /* OneZero.cpp */; };
		05C6DB9018B2AB800044E9B9 /* SineWave.cpp in Sources */ = {isa = PBXBuildFile; fileRef = 05C6DB8F18B2AB800044E9B9 /* SineWave.cpp */; };
		05C6DB9218B2AB8B0044E9B9 /* Noise.cpp in Sources */ = {isa = PBXBuildFile; fileRef = 05C6DB9118B2AB8B0044E9B9 /* Noise.cpp */; };
		05C6DB9418B2AB940044E9B9 /* Delay.cpp in Sources */ = {isa = PBXBuildFile; fileRef = 05C6DB9318B2AB940044E9B9 /* Delay.cpp */; };
		05C6DB9618B2ABA00044E9B9 /* Stk.mm in Sources */ = {isa = PBXBuildFile; fileRef = 05C6DB9518B2ABA00044E9B9 /* Stk.mm */; };
		05C6DB9818B2ABB50044E9B9 /* Clarinet.cpp in Sources */ = {isa = PBXBuildFile; fileRef = 05C6DB9718B2ABB50044E9B9 /* Clarinet.cpp */; };
		05C6DB9C18B2BCA70044E9B9 /* Saxofony.cpp in Sources */ = {isa = PBXBuildFile; fileRef = 05C6DB9B18B2BCA70044E9B9 /* Saxofony.cpp */; };
		05D31CE718A812B500012E97 /* mo_accel.mm in Sources */ = {isa = PBXBuildFile; fileRef = 05D31CE018A812B500012E97 /* mo_accel.mm */; };
		05D31CE818A812B500012E97 /* mo_audio.mm in Sources */ = {isa = PBXBuildFile; fileRef = 05D31CE218A812B500012E97 /* mo_audio.mm */; };
		05D31CE918A812B500012E97 /* mo_gfx.mm in Sources */ = {isa = PBXBuildFile; fileRef = 05D31CE418A812B500012E97 /* mo_gfx.mm */; };
		05D31CEA18A812B500012E97 /* mo_touch.mm in Sources */ = {isa = PBXBuildFile; fileRef = 05D31CE618A812B500012E97 /* mo_touch.mm */; };
		05D31CEE18A8132D00012E97 /* MomonicaGlobals.mm in Sources */ = {isa = PBXBuildFile; fileRef = 05D31CEC18A8132D00012E97 /* MomonicaGlobals.mm */; };
		05D31CF018A820E600012E97 /* AudioToolbox.framework in Frameworks */ = {isa = PBXBuildFile; fileRef = 05D31CEF18A820E600012E97 /* AudioToolbox.framework */; };
		05D31CF618A8272700012E97 /* Projectile.png in Resources */ = {isa = PBXBuildFile; fileRef = 05D31CF218A8272700012E97 /* Projectile.png */; };
		05D31CF718A8272700012E97 /* SlingEnd.png in Resources */ = {isa = PBXBuildFile; fileRef = 05D31CF318A8272700012E97 /* SlingEnd.png */; };
		05D31CF818A8272700012E97 /* stanford.png in Resources */ = {isa = PBXBuildFile; fileRef = 05D31CF418A8272700012E97 /* stanford.png */; };
		05D31CF918A8272700012E97 /* texture.png in Resources */ = {isa = PBXBuildFile; fileRef = 05D31CF518A8272700012E97 /* texture.png */; };
		05D31CFF18A82D9100012E97 /* MomonicaRenderer.mm in Sources */ = {isa = PBXBuildFile; fileRef = 05D31CFD18A82D9100012E97 /* MomonicaRenderer.mm */; };
		05D31D0218A8469000012E97 /* MomonicaEntity.mm in Sources */ = {isa = PBXBuildFile; fileRef = 05D31D0018A8469000012E97 /* MomonicaEntity.mm */; };
/* End PBXBuildFile section */

/* Begin PBXContainerItemProxy section */
		058C555718A461A700C3E534 /* PBXContainerItemProxy */ = {
			isa = PBXContainerItemProxy;
			containerPortal = 058C551E18A461A700C3E534 /* Project object */;
			proxyType = 1;
			remoteGlobalIDString = 058C552518A461A700C3E534;
			remoteInfo = Momonica;
		};
/* End PBXContainerItemProxy section */

/* Begin PBXFileReference section */
		0515CC5D18AB16CA007FB245 /* holeA.png */ = {isa = PBXFileReference; lastKnownFileType = image.png; path = holeA.png; sourceTree = "<group>"; };
		0515CC5E18AB16CA007FB245 /* holeB.png */ = {isa = PBXFileReference; lastKnownFileType = image.png; path = holeB.png; sourceTree = "<group>"; };
		0515CC5F18AB16CA007FB245 /* holeC.png */ = {isa = PBXFileReference; lastKnownFileType = image.png; path = holeC.png; sourceTree = "<group>"; };
		0515CC6018AB16CA007FB245 /* holeD.png */ = {isa = PBXFileReference; lastKnownFileType = image.png; path = holeD.png; sourceTree = "<group>"; };
		0515CC6118AB16CA007FB245 /* holeE.png */ = {isa = PBXFileReference; lastKnownFileType = image.png; path = holeE.png; sourceTree = "<group>"; };
		0515CC6218AB16CA007FB245 /* holeF.png */ = {isa = PBXFileReference; lastKnownFileType = image.png; path = holeF.png; sourceTree = "<group>"; };
		0515CC6318AB16CA007FB245 /* holeG.png */ = {isa = PBXFileReference; lastKnownFileType = image.png; path = holeG.png; sourceTree = "<group>"; };
		0515CC6B18AC0F56007FB245 /* backgroundHoleBlurred.png */ = {isa = PBXFileReference; lastKnownFileType = image.png; path = backgroundHoleBlurred.png; sourceTree = "<group>"; };
		058C552618A461A700C3E534 /* Momonica.app */ = {isa = PBXFileReference; explicitFileType = wrapper.application; includeInIndex = 0; path = Momonica.app; sourceTree = BUILT_PRODUCTS_DIR; };
		058C552918A461A700C3E534 /* Foundation.framework */ = {isa = PBXFileReference; lastKnownFileType = wrapper.framework; name = Foundation.framework; path = System/Library/Frameworks/Foundation.framework; sourceTree = SDKROOT; };
		058C552B18A461A700C3E534 /* CoreGraphics.framework */ = {isa = PBXFileReference; lastKnownFileType = wrapper.framework; name = CoreGraphics.framework; path = System/Library/Frameworks/CoreGraphics.framework; sourceTree = SDKROOT; };
		058C552D18A461A700C3E534 /* UIKit.framework */ = {isa = PBXFileReference; lastKnownFileType = wrapper.framework; name = UIKit.framework; path = System/Library/Frameworks/UIKit.framework; sourceTree = SDKROOT; };
		058C552F18A461A700C3E534 /* GLKit.framework */ = {isa = PBXFileReference; lastKnownFileType = wrapper.framework; name = GLKit.framework; path = System/Library/Frameworks/GLKit.framework; sourceTree = SDKROOT; };
		058C553118A461A700C3E534 /* OpenGLES.framework */ = {isa = PBXFileReference; lastKnownFileType = wrapper.framework; name = OpenGLES.framework; path = System/Library/Frameworks/OpenGLES.framework; sourceTree = SDKROOT; };
		058C553518A461A700C3E534 /* Momonica-Info.plist */ = {isa = PBXFileReference; lastKnownFileType = text.plist.xml; path = "Momonica-Info.plist"; sourceTree = "<group>"; };
		058C553718A461A700C3E534 /* en */ = {isa = PBXFileReference; lastKnownFileType = text.plist.strings; name = en; path = en.lproj/InfoPlist.strings; sourceTree = "<group>"; };
		058C553918A461A700C3E534 /* main.m */ = {isa = PBXFileReference; lastKnownFileType = sourcecode.c.objc; path = main.m; sourceTree = "<group>"; };
		058C553B18A461A700C3E534 /* Momonica-Prefix.pch */ = {isa = PBXFileReference; lastKnownFileType = sourcecode.c.h; path = "Momonica-Prefix.pch"; sourceTree = "<group>"; };
		058C553C18A461A700C3E534 /* MomonicaAppDelegate.h */ = {isa = PBXFileReference; lastKnownFileType = sourcecode.c.h; path = MomonicaAppDelegate.h; sourceTree = "<group>"; };
		058C553D18A461A700C3E534 /* MomonicaAppDelegate.m */ = {isa = PBXFileReference; lastKnownFileType = sourcecode.c.objc; path = MomonicaAppDelegate.m; sourceTree = "<group>"; };
		058C554018A461A700C3E534 /* Base */ = {isa = PBXFileReference; lastKnownFileType = file.storyboard; name = Base; path = Base.lproj/Main_iPhone.storyboard; sourceTree = "<group>"; };
		058C554318A461A700C3E534 /* Base */ = {isa = PBXFileReference; lastKnownFileType = file.storyboard; name = Base; path = Base.lproj/Main_iPad.storyboard; sourceTree = "<group>"; };
		058C554918A461A700C3E534 /* MomonicaViewController.h */ = {isa = PBXFileReference; lastKnownFileType = sourcecode.c.h; path = MomonicaViewController.h; sourceTree = "<group>"; };
		058C554A18A461A700C3E534 /* MomonicaViewController.mm */ = {isa = PBXFileReference; lastKnownFileType = sourcecode.cpp.objcpp; path = MomonicaViewController.mm; sourceTree = "<group>"; };
		058C554C18A461A700C3E534 /* Images.xcassets */ = {isa = PBXFileReference; lastKnownFileType = folder.assetcatalog; path = Images.xcassets; sourceTree = "<group>"; };
		058C555218A461A700C3E534 /* MomonicaTests.xctest */ = {isa = PBXFileReference; explicitFileType = wrapper.cfbundle; includeInIndex = 0; path = MomonicaTests.xctest; sourceTree = BUILT_PRODUCTS_DIR; };
		058C555318A461A700C3E534 /* XCTest.framework */ = {isa = PBXFileReference; lastKnownFileType = wrapper.framework; name = XCTest.framework; path = Library/Frameworks/XCTest.framework; sourceTree = DEVELOPER_DIR; };
		058C555B18A461A700C3E534 /* MomonicaTests-Info.plist */ = {isa = PBXFileReference; lastKnownFileType = text.plist.xml; path = "MomonicaTests-Info.plist"; sourceTree = "<group>"; };
		058C555D18A461A700C3E534 /* en */ = {isa = PBXFileReference; lastKnownFileType = text.plist.strings; name = en; path = en.lproj/InfoPlist.strings; sourceTree = "<group>"; };
		058C555F18A461A700C3E534 /* MomonicaTests.m */ = {isa = PBXFileReference; lastKnownFileType = sourcecode.c.objc; path = MomonicaTests.m; sourceTree = "<group>"; };
		05C6DB7C18B2A9B50044E9B9 /* Clarinet.h */ = {isa = PBXFileReference; fileEncoding = 4; lastKnownFileType = sourcecode.c.h; name = Clarinet.h; path = "Momonica/api/MoMu-STK-1.0.0/include/Clarinet.h"; sourceTree = "<group>"; };
		05C6DB7D18B2A9C70044E9B9 /* Instrmnt.h */ = {isa = PBXFileReference; fileEncoding = 4; lastKnownFileType = sourcecode.c.h; name = Instrmnt.h; path = "Momonica/api/MoMu-STK-1.0.0/include/Instrmnt.h"; sourceTree = "<group>"; };
		05C6DB7E18B2A9DE0044E9B9 /* DelayL.h */ = {isa = PBXFileReference; fileEncoding = 4; lastKnownFileType = sourcecode.c.h; name = DelayL.h; path = "Momonica/api/MoMu-STK-1.0.0/include/DelayL.h"; sourceTree = "<group>"; };
		05C6DB7F18B2A9F90044E9B9 /* ReedTable.h */ = {isa = PBXFileReference; fileEncoding = 4; lastKnownFileType = sourcecode.c.h; name = ReedTable.h; path = "Momonica/api/MoMu-STK-1.0.0/include/ReedTable.h"; sourceTree = "<group>"; };
		05C6DB8018B2AA130044E9B9 /* Stk.h */ = {isa = PBXFileReference; fileEncoding = 4; lastKnownFileType = sourcecode.c.h; name = Stk.h; path = "Momonica/api/MoMu-STK-1.0.0/include/Stk.h"; sourceTree = "<group>"; };
		05C6DB8118B2AA230044E9B9 /* Delay.h */ = {isa = PBXFileReference; fileEncoding = 4; lastKnownFileType = sourcecode.c.h; name = Delay.h; path = "Momonica/api/MoMu-STK-1.0.0/include/Delay.h"; sourceTree = "<group>"; };
		05C6DB8218B2AA2C0044E9B9 /* Filter.h */ = {isa = PBXFileReference; fileEncoding = 4; lastKnownFileType = sourcecode.c.h; name = Filter.h; path = "Momonica/api/MoMu-STK-1.0.0/include/Filter.h"; sourceTree = "<group>"; };
		05C6DB8318B2AA450044E9B9 /* Function.h */ = {isa = PBXFileReference; fileEncoding = 4; lastKnownFileType = sourcecode.c.h; name = Function.h; path = "Momonica/api/MoMu-STK-1.0.0/include/Function.h"; sourceTree = "<group>"; };
		05C6DB8418B2AA720044E9B9 /* OneZero.h */ = {isa = PBXFileReference; fileEncoding = 4; lastKnownFileType = sourcecode.c.h; name = OneZero.h; path = "Momonica/api/MoMu-STK-1.0.0/include/OneZero.h"; sourceTree = "<group>"; };
		05C6DB8518B2AA800044E9B9 /* Envelope.h */ = {isa = PBXFileReference; fileEncoding = 4; lastKnownFileType = sourcecode.c.h; name = Envelope.h; path = "Momonica/api/MoMu-STK-1.0.0/include/Envelope.h"; sourceTree = "<group>"; };
		05C6DB8618B2AA9A0044E9B9 /* Generator.h */ = {isa = PBXFileReference; fileEncoding = 4; lastKnownFileType = sourcecode.c.h; name = Generator.h; path = "Momonica/api/MoMu-STK-1.0.0/include/Generator.h"; sourceTree = "<group>"; };
		05C6DB8718B2AABA0044E9B9 /* Noise.h */ = {isa = PBXFileReference; fileEncoding = 4; lastKnownFileType = sourcecode.c.h; name = Noise.h; path = "Momonica/api/MoMu-STK-1.0.0/include/Noise.h"; sourceTree = "<group>"; };
		05C6DB8818B2AACE0044E9B9 /* SineWave.h */ = {isa = PBXFileReference; fileEncoding = 4; lastKnownFileType = sourcecode.c.h; name = SineWave.h; path = "Momonica/api/MoMu-STK-1.0.0/include/SineWave.h"; sourceTree = "<group>"; };
		05C6DB8918B2AB160044E9B9 /* DelayL.cpp */ = {isa = PBXFileReference; fileEncoding = 4; lastKnownFileType = sourcecode.cpp.cpp; name = DelayL.cpp; path = "Momonica/api/MoMu-STK-1.0.0/src/DelayL.cpp"; sourceTree = "<group>"; };
		05C6DB8B18B2AB600044E9B9 /* Envelope.cpp */ = {isa = PBXFileReference; fileEncoding = 4; lastKnownFileType = sourcecode.cpp.cpp; name = Envelope.cpp; path = "Momonica/api/MoMu-STK-1.0.0/src/Envelope.cpp"; sourceTree = "<group>"; };
		05C6DB8D18B2AB750044E9B9 /* OneZero.cpp */ = {isa = PBXFileReference; fileEncoding = 4; lastKnownFileType = sourcecode.cpp.cpp; name = OneZero.cpp; path = "Momonica/api/MoMu-STK-1.0.0/src/OneZero.cpp"; sourceTree = "<group>"; };
		05C6DB8F18B2AB800044E9B9 /* SineWave.cpp */ = {isa = PBXFileReference; fileEncoding = 4; lastKnownFileType = sourcecode.cpp.cpp; name = SineWave.cpp; path = "Momonica/api/MoMu-STK-1.0.0/src/SineWave.cpp"; sourceTree = "<group>"; };
		05C6DB9118B2AB8B0044E9B9 /* Noise.cpp */ = {isa = PBXFileReference; fileEncoding = 4; lastKnownFileType = sourcecode.cpp.cpp; name = Noise.cpp; path = "Momonica/api/MoMu-STK-1.0.0/src/Noise.cpp"; sourceTree = "<group>"; };
		05C6DB9318B2AB940044E9B9 /* Delay.cpp */ = {isa = PBXFileReference; fileEncoding = 4; lastKnownFileType = sourcecode.cpp.cpp; name = Delay.cpp; path = "Momonica/api/MoMu-STK-1.0.0/src/Delay.cpp"; sourceTree = "<group>"; };
		05C6DB9518B2ABA00044E9B9 /* Stk.mm */ = {isa = PBXFileReference; fileEncoding = 4; lastKnownFileType = sourcecode.cpp.objcpp; name = Stk.mm; path = "Momonica/api/MoMu-STK-1.0.0/src/Stk.mm"; sourceTree = "<group>"; };
		05C6DB9718B2ABB50044E9B9 /* Clarinet.cpp */ = {isa = PBXFileReference; fileEncoding = 4; lastKnownFileType = sourcecode.cpp.cpp; name = Clarinet.cpp; path = "Momonica/api/MoMu-STK-1.0.0/src/Clarinet.cpp"; sourceTree = "<group>"; };
		05C6DB9918B2ABE00044E9B9 /* Skini_msg.h */ = {isa = PBXFileReference; fileEncoding = 4; lastKnownFileType = sourcecode.c.h; name = Skini_msg.h; path = "Momonica/api/MoMu-STK-1.0.0/include/Skini_msg.h"; sourceTree = "<group>"; };
		05C6DB9A18B2BC890044E9B9 /* Saxofony.h */ = {isa = PBXFileReference; fileEncoding = 4; lastKnownFileType = sourcecode.c.h; name = Saxofony.h; path = "Momonica/api/MoMu-STK-1.0.0/include/Saxofony.h"; sourceTree = "<group>"; };
		05C6DB9B18B2BCA70044E9B9 /* Saxofony.cpp */ = {isa = PBXFileReference; fileEncoding = 4; lastKnownFileType = sourcecode.cpp.cpp; name = Saxofony.cpp; path = "Momonica/api/MoMu-STK-1.0.0/src/Saxofony.cpp"; sourceTree = "<group>"; };
		05D31CDF18A812B500012E97 /* mo_accel.h */ = {isa = PBXFileReference; fileEncoding = 4; lastKnownFileType = sourcecode.c.h; name = mo_accel.h; path = Momonica/api/momu/mo_accel.h; sourceTree = "<group>"; };
		05D31CE018A812B500012E97 /* mo_accel.mm */ = {isa = PBXFileReference; fileEncoding = 4; lastKnownFileType = sourcecode.cpp.objcpp; name = mo_accel.mm; path = Momonica/api/momu/mo_accel.mm; sourceTree = "<group>"; };
		05D31CE118A812B500012E97 /* mo_audio.h */ = {isa = PBXFileReference; fileEncoding = 4; lastKnownFileType = sourcecode.c.h; name = mo_audio.h; path = Momonica/api/momu/mo_audio.h; sourceTree = "<group>"; };
		05D31CE218A812B500012E97 /* mo_audio.mm */ = {isa = PBXFileReference; fileEncoding = 4; lastKnownFileType = sourcecode.cpp.objcpp; name = mo_audio.mm; path = Momonica/api/momu/mo_audio.mm; sourceTree = "<group>"; };
		05D31CE318A812B500012E97 /* mo_gfx.h */ = {isa = PBXFileReference; fileEncoding = 4; lastKnownFileType = sourcecode.c.h; name = mo_gfx.h; path = Momonica/api/momu/mo_gfx.h; sourceTree = "<group>"; };
		05D31CE418A812B500012E97 /* mo_gfx.mm */ = {isa = PBXFileReference; fileEncoding = 4; lastKnownFileType = sourcecode.cpp.objcpp; name = mo_gfx.mm; path = Momonica/api/momu/mo_gfx.mm; sourceTree = "<group>"; };
		05D31CE518A812B500012E97 /* mo_touch.h */ = {isa = PBXFileReference; fileEncoding = 4; lastKnownFileType = sourcecode.c.h; name = mo_touch.h; path = Momonica/api/momu/mo_touch.h; sourceTree = "<group>"; };
		05D31CE618A812B500012E97 /* mo_touch.mm */ = {isa = PBXFileReference; fileEncoding = 4; lastKnownFileType = sourcecode.cpp.objcpp; name = mo_touch.mm; path = Momonica/api/momu/mo_touch.mm; sourceTree = "<group>"; };
		05D31CEC18A8132D00012E97 /* MomonicaGlobals.mm */ = {isa = PBXFileReference; fileEncoding = 4; lastKnownFileType = sourcecode.cpp.objcpp; name = MomonicaGlobals.mm; path = Momonica/core/MomonicaGlobals.mm; sourceTree = "<group>"; };
		05D31CED18A8132D00012E97 /* MomonicaGlobals.h */ = {isa = PBXFileReference; fileEncoding = 4; lastKnownFileType = sourcecode.c.h; name = MomonicaGlobals.h; path = Momonica/core/MomonicaGlobals.h; sourceTree = "<group>"; };
		05D31CEF18A820E600012E97 /* AudioToolbox.framework */ = {isa = PBXFileReference; lastKnownFileType = wrapper.framework; name = AudioToolbox.framework; path = System/Library/Frameworks/AudioToolbox.framework; sourceTree = SDKROOT; };
		05D31CF218A8272700012E97 /* Projectile.png */ = {isa = PBXFileReference; lastKnownFileType = image.png; path = Projectile.png; sourceTree = "<group>"; };
		05D31CF318A8272700012E97 /* SlingEnd.png */ = {isa = PBXFileReference; lastKnownFileType = image.png; path = SlingEnd.png; sourceTree = "<group>"; };
		05D31CF418A8272700012E97 /* stanford.png */ = {isa = PBXFileReference; lastKnownFileType = image.png; path = stanford.png; sourceTree = "<group>"; };
		05D31CF518A8272700012E97 /* texture.png */ = {isa = PBXFileReference; lastKnownFileType = image.png; path = texture.png; sourceTree = "<group>"; };
		05D31CFD18A82D9100012E97 /* MomonicaRenderer.mm */ = {isa = PBXFileReference; fileEncoding = 4; lastKnownFileType = sourcecode.cpp.objcpp; name = MomonicaRenderer.mm; path = Momonica/core/MomonicaRenderer.mm; sourceTree = "<group>"; };
		05D31CFE18A82D9100012E97 /* MomonicaRenderer.h */ = {isa = PBXFileReference; fileEncoding = 4; lastKnownFileType = sourcecode.c.h; name = MomonicaRenderer.h; path = Momonica/core/MomonicaRenderer.h; sourceTree = "<group>"; };
		05D31D0018A8469000012E97 /* MomonicaEntity.mm */ = {isa = PBXFileReference; fileEncoding = 4; lastKnownFileType = sourcecode.cpp.objcpp; name = MomonicaEntity.mm; path = Momonica/core/MomonicaEntity.mm; sourceTree = "<group>"; };
		05D31D0118A8469000012E97 /* MomonicaEntity.h */ = {isa = PBXFileReference; fileEncoding = 4; lastKnownFileType = sourcecode.c.h; name = MomonicaEntity.h; path = Momonica/core/MomonicaEntity.h; sourceTree = "<group>"; };
		05D31D0318A8536700012E97 /* mo_def.h */ = {isa = PBXFileReference; fileEncoding = 4; lastKnownFileType = sourcecode.c.h; name = mo_def.h; path = Momonica/api/momu/mo_def.h; sourceTree = "<group>"; };
/* End PBXFileReference section */

/* Begin PBXFrameworksBuildPhase section */
		058C552318A461A700C3E534 /* Frameworks */ = {
			isa = PBXFrameworksBuildPhase;
			buildActionMask = 2147483647;
			files = (
				05D31CF018A820E600012E97 /* AudioToolbox.framework in Frameworks */,
				058C553218A461A700C3E534 /* OpenGLES.framework in Frameworks */,
				058C552C18A461A700C3E534 /* CoreGraphics.framework in Frameworks */,
				058C552E18A461A700C3E534 /* UIKit.framework in Frameworks */,
				058C553018A461A700C3E534 /* GLKit.framework in Frameworks */,
				058C552A18A461A700C3E534 /* Foundation.framework in Frameworks */,
			);
			runOnlyForDeploymentPostprocessing = 0;
		};
		058C554F18A461A700C3E534 /* Frameworks */ = {
			isa = PBXFrameworksBuildPhase;
			buildActionMask = 2147483647;
			files = (
				058C555418A461A700C3E534 /* XCTest.framework in Frameworks */,
				058C555618A461A700C3E534 /* UIKit.framework in Frameworks */,
				058C555518A461A700C3E534 /* Foundation.framework in Frameworks */,
			);
			runOnlyForDeploymentPostprocessing = 0;
		};
/* End PBXFrameworksBuildPhase section */

/* Begin PBXGroup section */
		058C551D18A461A700C3E534 = {
			isa = PBXGroup;
			children = (
				05D31CDA18A80FDA00012E97 /* api */,
				05D31CD918A80FCF00012E97 /* core */,
				05D31CDB18A80FF700012E97 /* data */,
				058C553318A461A700C3E534 /* Momonica */,
				058C555918A461A700C3E534 /* MomonicaTests */,
				058C552818A461A700C3E534 /* Frameworks */,
				058C552718A461A700C3E534 /* Products */,
			);
			sourceTree = "<group>";
		};
		058C552718A461A700C3E534 /* Products */ = {
			isa = PBXGroup;
			children = (
				058C552618A461A700C3E534 /* Momonica.app */,
				058C555218A461A700C3E534 /* MomonicaTests.xctest */,
			);
			name = Products;
			sourceTree = "<group>";
		};
		058C552818A461A700C3E534 /* Frameworks */ = {
			isa = PBXGroup;
			children = (
				05D31CEF18A820E600012E97 /* AudioToolbox.framework */,
				058C552918A461A700C3E534 /* Foundation.framework */,
				058C552B18A461A700C3E534 /* CoreGraphics.framework */,
				058C552D18A461A700C3E534 /* UIKit.framework */,
				058C552F18A461A700C3E534 /* GLKit.framework */,
				058C553118A461A700C3E534 /* OpenGLES.framework */,
				058C555318A461A700C3E534 /* XCTest.framework */,
			);
			name = Frameworks;
			sourceTree = "<group>";
		};
		058C553318A461A700C3E534 /* Momonica */ = {
			isa = PBXGroup;
			children = (
				058C553C18A461A700C3E534 /* MomonicaAppDelegate.h */,
				058C553D18A461A700C3E534 /* MomonicaAppDelegate.m */,
				058C553F18A461A700C3E534 /* Main_iPhone.storyboard */,
				058C554218A461A700C3E534 /* Main_iPad.storyboard */,
				058C554918A461A700C3E534 /* MomonicaViewController.h */,
				058C554A18A461A700C3E534 /* MomonicaViewController.mm */,
				058C554C18A461A700C3E534 /* Images.xcassets */,
				058C553418A461A700C3E534 /* Supporting Files */,
			);
			path = Momonica;
			sourceTree = "<group>";
		};
		058C553418A461A700C3E534 /* Supporting Files */ = {
			isa = PBXGroup;
			children = (
				058C553518A461A700C3E534 /* Momonica-Info.plist */,
				058C553618A461A700C3E534 /* InfoPlist.strings */,
				058C553918A461A700C3E534 /* main.m */,
				058C553B18A461A700C3E534 /* Momonica-Prefix.pch */,
			);
			name = "Supporting Files";
			sourceTree = "<group>";
		};
		058C555918A461A700C3E534 /* MomonicaTests */ = {
			isa = PBXGroup;
			children = (
				058C555F18A461A700C3E534 /* MomonicaTests.m */,
				058C555A18A461A700C3E534 /* Supporting Files */,
			);
			path = MomonicaTests;
			sourceTree = "<group>";
		};
		058C555A18A461A700C3E534 /* Supporting Files */ = {
			isa = PBXGroup;
			children = (
				058C555B18A461A700C3E534 /* MomonicaTests-Info.plist */,
				058C555C18A461A700C3E534 /* InfoPlist.strings */,
			);
			name = "Supporting Files";
			sourceTree = "<group>";
		};
		05C6DB5E18B1BD820044E9B9 /* stk */ = {
			isa = PBXGroup;
			children = (
				05C6DB6118B1BDBC0044E9B9 /* src */,
				05C6DB6018B1BDA70044E9B9 /* include */,
				05C6DB5F18B1BD9D0044E9B9 /* rawwaves */,
			);
			name = stk;
			sourceTree = "<group>";
		};
		05C6DB5F18B1BD9D0044E9B9 /* rawwaves */ = {
			isa = PBXGroup;
			children = (
			);
			name = rawwaves;
			sourceTree = "<group>";
		};
		05C6DB6018B1BDA70044E9B9 /* include */ = {
			isa = PBXGroup;
			children = (
				05C6DB7D18B2A9C70044E9B9 /* Instrmnt.h */,
				05C6DB7E18B2A9DE0044E9B9 /* DelayL.h */,
				05C6DB9918B2ABE00044E9B9 /* Skini_msg.h */,
				05C6DB9A18B2BC890044E9B9 /* Saxofony.h */,
				05C6DB7F18B2A9F90044E9B9 /* ReedTable.h */,
				05C6DB8218B2AA2C0044E9B9 /* Filter.h */,
				05C6DB8318B2AA450044E9B9 /* Function.h */,
				05C6DB8518B2AA800044E9B9 /* Envelope.h */,
				05C6DB8618B2AA9A0044E9B9 /* Generator.h */,
				05C6DB8418B2AA720044E9B9 /* OneZero.h */,
				05C6DB8818B2AACE0044E9B9 /* SineWave.h */,
				05C6DB8718B2AABA0044E9B9 /* Noise.h */,
				05C6DB8118B2AA230044E9B9 /* Delay.h */,
				05C6DB8018B2AA130044E9B9 /* Stk.h */,
				05C6DB7C18B2A9B50044E9B9 /* Clarinet.h */,
			);
			name = include;
			sourceTree = "<group>";
		};
		05C6DB6118B1BDBC0044E9B9 /* src */ = {
			isa = PBXGroup;
			children = (
				05C6DB8D18B2AB750044E9B9 /* OneZero.cpp */,
				05C6DB9118B2AB8B0044E9B9 /* Noise.cpp */,
				05C6DB9518B2ABA00044E9B9 /* Stk.mm */,
				05C6DB9318B2AB940044E9B9 /* Delay.cpp */,
				05C6DB9718B2ABB50044E9B9 /* Clarinet.cpp */,
				05C6DB8F18B2AB800044E9B9 /* SineWave.cpp */,
				05C6DB9B18B2BCA70044E9B9 /* Saxofony.cpp */,
				05C6DB8918B2AB160044E9B9 /* DelayL.cpp */,
				05C6DB8B18B2AB600044E9B9 /* Envelope.cpp */,
			);
			name = src;
			sourceTree = "<group>";
		};
		05D31CD918A80FCF00012E97 /* core */ = {
			isa = PBXGroup;
			children = (
				05D31CEC18A8132D00012E97 /* MomonicaGlobals.mm */,
				05D31CED18A8132D00012E97 /* MomonicaGlobals.h */,
				05D31CFD18A82D9100012E97 /* MomonicaRenderer.mm */,
				05D31CFE18A82D9100012E97 /* MomonicaRenderer.h */,
				05D31D0018A8469000012E97 /* MomonicaEntity.mm */,
				05D31D0118A8469000012E97 /* MomonicaEntity.h */,
			);
			name = core;
			sourceTree = "<group>";
		};
		05D31CDA18A80FDA00012E97 /* api */ = {
			isa = PBXGroup;
			children = (
				05C6DB5E18B1BD820044E9B9 /* stk */,
				05D31CEB18A812C200012E97 /* momu */,
			);
			name = api;
			sourceTree = "<group>";
		};
		05D31CDB18A80FF700012E97 /* data */ = {
			isa = PBXGroup;
			children = (
				05D31CF118A8272700012E97 /* textures */,
			);
			name = data;
			sourceTree = "<group>";
		};
		05D31CEB18A812C200012E97 /* momu */ = {
			isa = PBXGroup;
			children = (
				05D31D0318A8536700012E97 /* mo_def.h */,
				05D31CDF18A812B500012E97 /* mo_accel.h */,
				05D31CE018A812B500012E97 /* mo_accel.mm */,
				05D31CE118A812B500012E97 /* mo_audio.h */,
				05D31CE218A812B500012E97 /* mo_audio.mm */,
				05D31CE318A812B500012E97 /* mo_gfx.h */,
				05D31CE418A812B500012E97 /* mo_gfx.mm */,
				05D31CE518A812B500012E97 /* mo_touch.h */,
				05D31CE618A812B500012E97 /* mo_touch.mm */,
			);
			name = momu;
			sourceTree = "<group>";
		};
		05D31CF118A8272700012E97 /* textures */ = {
			isa = PBXGroup;
			children = (
				0515CC6B18AC0F56007FB245 /* backgroundHoleBlurred.png */,
				0515CC5D18AB16CA007FB245 /* holeA.png */,
				0515CC5E18AB16CA007FB245 /* holeB.png */,
				0515CC5F18AB16CA007FB245 /* holeC.png */,
				0515CC6018AB16CA007FB245 /* holeD.png */,
				0515CC6118AB16CA007FB245 /* holeE.png */,
				0515CC6218AB16CA007FB245 /* holeF.png */,
				0515CC6318AB16CA007FB245 /* holeG.png */,
				05D31CF218A8272700012E97 /* Projectile.png */,
				05D31CF318A8272700012E97 /* SlingEnd.png */,
				05D31CF418A8272700012E97 /* stanford.png */,
				05D31CF518A8272700012E97 /* texture.png */,
			);
			name = textures;
			path = Momonica/data/textures;
			sourceTree = "<group>";
		};
/* End PBXGroup section */

/* Begin PBXNativeTarget section */
		058C552518A461A700C3E534 /* Momonica */ = {
			isa = PBXNativeTarget;
			buildConfigurationList = 058C556318A461A700C3E534 /* Build configuration list for PBXNativeTarget "Momonica" */;
			buildPhases = (
				058C552218A461A700C3E534 /* Sources */,
				058C552318A461A700C3E534 /* Frameworks */,
				058C552418A461A700C3E534 /* Resources */,
			);
			buildRules = (
			);
			dependencies = (
			);
			name = Momonica;
			productName = Momonica;
			productReference = 058C552618A461A700C3E534 /* Momonica.app */;
			productType = "com.apple.product-type.application";
		};
		058C555118A461A700C3E534 /* MomonicaTests */ = {
			isa = PBXNativeTarget;
			buildConfigurationList = 058C556618A461A700C3E534 /* Build configuration list for PBXNativeTarget "MomonicaTests" */;
			buildPhases = (
				058C554E18A461A700C3E534 /* Sources */,
				058C554F18A461A700C3E534 /* Frameworks */,
				058C555018A461A700C3E534 /* Resources */,
			);
			buildRules = (
			);
			dependencies = (
				058C555818A461A700C3E534 /* PBXTargetDependency */,
			);
			name = MomonicaTests;
			productName = MomonicaTests;
			productReference = 058C555218A461A700C3E534 /* MomonicaTests.xctest */;
			productType = "com.apple.product-type.bundle.unit-test";
		};
/* End PBXNativeTarget section */

/* Begin PBXProject section */
		058C551E18A461A700C3E534 /* Project object */ = {
			isa = PBXProject;
			attributes = {
				CLASSPREFIX = Momonica;
				LastUpgradeCheck = 0500;
				ORGANIZATIONNAME = "Stanford University";
				TargetAttributes = {
					058C555118A461A700C3E534 = {
						TestTargetID = 058C552518A461A700C3E534;
					};
				};
			};
			buildConfigurationList = 058C552118A461A700C3E534 /* Build configuration list for PBXProject "Momonica" */;
			compatibilityVersion = "Xcode 3.2";
			developmentRegion = English;
			hasScannedForEncodings = 0;
			knownRegions = (
				en,
				Base,
			);
			mainGroup = 058C551D18A461A700C3E534;
			productRefGroup = 058C552718A461A700C3E534 /* Products */;
			projectDirPath = "";
			projectRoot = "";
			targets = (
				058C552518A461A700C3E534 /* Momonica */,
				058C555118A461A700C3E534 /* MomonicaTests */,
			);
		};
/* End PBXProject section */

/* Begin PBXResourcesBuildPhase section */
		058C552418A461A700C3E534 /* Resources */ = {
			isa = PBXResourcesBuildPhase;
			buildActionMask = 2147483647;
			files = (
				0515CC6918AB16CA007FB245 /* holeF.png in Resources */,
				0515CC6818AB16CA007FB245 /* holeE.png in Resources */,
				058C554418A461A700C3E534 /* Main_iPad.storyboard in Resources */,
				0515CC6418AB16CA007FB245 /* holeA.png in Resources */,
				0515CC6C18AC0F56007FB245 /* backgroundHoleBlurred.png in Resources */,
				0515CC6518AB16CA007FB245 /* holeB.png in Resources */,
				05D31CF718A8272700012E97 /* SlingEnd.png in Resources */,
				0515CC6718AB16CA007FB245 /* holeD.png in Resources */,
				0515CC6A18AB16CA007FB245 /* holeG.png in Resources */,
				0515CC6618AB16CA007FB245 /* holeC.png in Resources */,
				058C554118A461A700C3E534 /* Main_iPhone.storyboard in Resources */,
				05D31CF618A8272700012E97 /* Projectile.png in Resources */,
				05D31CF818A8272700012E97 /* stanford.png in Resources */,
				058C554D18A461A700C3E534 /* Images.xcassets in Resources */,
				058C553818A461A700C3E534 /* InfoPlist.strings in Resources */,
				05D31CF918A8272700012E97 /* texture.png in Resources */,
			);
			runOnlyForDeploymentPostprocessing = 0;
		};
		058C555018A461A700C3E534 /* Resources */ = {
			isa = PBXResourcesBuildPhase;
			buildActionMask = 2147483647;
			files = (
				058C555E18A461A700C3E534 /* InfoPlist.strings in Resources */,
			);
			runOnlyForDeploymentPostprocessing = 0;
		};
/* End PBXResourcesBuildPhase section */

/* Begin PBXSourcesBuildPhase section */
		058C552218A461A700C3E534 /* Sources */ = {
			isa = PBXSourcesBuildPhase;
			buildActionMask = 2147483647;
			files = (
				05C6DB9618B2ABA00044E9B9 /* Stk.mm in Sources */,
				05D31CE818A812B500012E97 /* mo_audio.mm in Sources */,
				05D31CEA18A812B500012E97 /* mo_touch.mm in Sources */,
				05D31CE718A812B500012E97 /* mo_accel.mm in Sources */,
				058C554B18A461A700C3E534 /* MomonicaViewController.mm in Sources */,
				05D31CFF18A82D9100012E97 /* MomonicaRenderer.mm in Sources */,
				05D31D0218A8469000012E97 /* MomonicaEntity.mm in Sources */,
				05D31CEE18A8132D00012E97 /* MomonicaGlobals.mm in Sources */,
				058C553A18A461A700C3E534 /* main.m in Sources */,
				05C6DB8E18B2AB750044E9B9 /* OneZero.cpp in Sources */,
				05C6DB9418B2AB940044E9B9 /* Delay.cpp in Sources */,
				05C6DB9818B2ABB50044E9B9 /* Clarinet.cpp in Sources */,
				05C6DB8A18B2AB160044E9B9 /* DelayL.cpp in Sources */,
				05D31CE918A812B500012E97 /* mo_gfx.mm in Sources */,
				058C553E18A461A700C3E534 /* MomonicaAppDelegate.m in Sources */,
				05C6DB8C18B2AB600044E9B9 /* Envelope.cpp in Sources */,
				05C6DB9218B2AB8B0044E9B9 /* Noise.cpp in Sources */,
				05C6DB9C18B2BCA70044E9B9 /* Saxofony.cpp in Sources */,
				05C6DB9018B2AB800044E9B9 /* SineWave.cpp in Sources */,
			);
			runOnlyForDeploymentPostprocessing = 0;
		};
		058C554E18A461A700C3E534 /* Sources */ = {
			isa = PBXSourcesBuildPhase;
			buildActionMask = 2147483647;
			files = (
				058C556018A461A700C3E534 /* MomonicaTests.m in Sources */,
			);
			runOnlyForDeploymentPostprocessing = 0;
		};
/* End PBXSourcesBuildPhase section */

/* Begin PBXTargetDependency section */
		058C555818A461A700C3E534 /* PBXTargetDependency */ = {
			isa = PBXTargetDependency;
			target = 058C552518A461A700C3E534 /* Momonica */;
			targetProxy = 058C555718A461A700C3E534 /* PBXContainerItemProxy */;
		};
/* End PBXTargetDependency section */

/* Begin PBXVariantGroup section */
		058C553618A461A700C3E534 /* InfoPlist.strings */ = {
			isa = PBXVariantGroup;
			children = (
				058C553718A461A700C3E534 /* en */,
			);
			name = InfoPlist.strings;
			sourceTree = "<group>";
		};
		058C553F18A461A700C3E534 /* Main_iPhone.storyboard */ = {
			isa = PBXVariantGroup;
			children = (
				058C554018A461A700C3E534 /* Base */,
			);
			name = Main_iPhone.storyboard;
			sourceTree = "<group>";
		};
		058C554218A461A700C3E534 /* Main_iPad.storyboard */ = {
			isa = PBXVariantGroup;
			children = (
				058C554318A461A700C3E534 /* Base */,
			);
			name = Main_iPad.storyboard;
			sourceTree = "<group>";
		};
		058C555C18A461A700C3E534 /* InfoPlist.strings */ = {
			isa = PBXVariantGroup;
			children = (
				058C555D18A461A700C3E534 /* en */,
			);
			name = InfoPlist.strings;
			sourceTree = "<group>";
		};
/* End PBXVariantGroup section */

/* Begin XCBuildConfiguration section */
		058C556118A461A700C3E534 /* Debug */ = {
			isa = XCBuildConfiguration;
			buildSettings = {
				ALWAYS_SEARCH_USER_PATHS = NO;
				ARCHS = "$(ARCHS_STANDARD_INCLUDING_64_BIT)";
				CLANG_CXX_LANGUAGE_STANDARD = "gnu++0x";
				CLANG_CXX_LIBRARY = "libc++";
				CLANG_ENABLE_MODULES = YES;
				CLANG_ENABLE_OBJC_ARC = YES;
				CLANG_WARN_BOOL_CONVERSION = YES;
				CLANG_WARN_CONSTANT_CONVERSION = YES;
				CLANG_WARN_DIRECT_OBJC_ISA_USAGE = YES_ERROR;
				CLANG_WARN_EMPTY_BODY = YES;
				CLANG_WARN_ENUM_CONVERSION = YES;
				CLANG_WARN_INT_CONVERSION = YES;
				CLANG_WARN_OBJC_ROOT_CLASS = YES_ERROR;
				CLANG_WARN__DUPLICATE_METHOD_MATCH = YES;
				"CODE_SIGN_IDENTITY[sdk=iphoneos*]" = "iPhone Developer";
				COPY_PHASE_STRIP = NO;
				GCC_C_LANGUAGE_STANDARD = gnu99;
				GCC_DYNAMIC_NO_PIC = NO;
				GCC_OPTIMIZATION_LEVEL = 0;
				GCC_PREPROCESSOR_DEFINITIONS = (
					"DEBUG=1",
					"$(inherited)",
				);
				GCC_SYMBOLS_PRIVATE_EXTERN = NO;
				GCC_WARN_64_TO_32_BIT_CONVERSION = YES;
				GCC_WARN_ABOUT_RETURN_TYPE = YES_ERROR;
				GCC_WARN_UNDECLARED_SELECTOR = YES;
				GCC_WARN_UNINITIALIZED_AUTOS = YES;
				GCC_WARN_UNUSED_FUNCTION = YES;
				GCC_WARN_UNUSED_VARIABLE = YES;
				IPHONEOS_DEPLOYMENT_TARGET = 7.0;
				ONLY_ACTIVE_ARCH = YES;
				SDKROOT = iphoneos;
				TARGETED_DEVICE_FAMILY = "1,2";
			};
			name = Debug;
		};
		058C556218A461A700C3E534 /* Release */ = {
			isa = XCBuildConfiguration;
			buildSettings = {
				ALWAYS_SEARCH_USER_PATHS = NO;
				ARCHS = "$(ARCHS_STANDARD_INCLUDING_64_BIT)";
				CLANG_CXX_LANGUAGE_STANDARD = "gnu++0x";
				CLANG_CXX_LIBRARY = "libc++";
				CLANG_ENABLE_MODULES = YES;
				CLANG_ENABLE_OBJC_ARC = YES;
				CLANG_WARN_BOOL_CONVERSION = YES;
				CLANG_WARN_CONSTANT_CONVERSION = YES;
				CLANG_WARN_DIRECT_OBJC_ISA_USAGE = YES_ERROR;
				CLANG_WARN_EMPTY_BODY = YES;
				CLANG_WARN_ENUM_CONVERSION = YES;
				CLANG_WARN_INT_CONVERSION = YES;
				CLANG_WARN_OBJC_ROOT_CLASS = YES_ERROR;
				CLANG_WARN__DUPLICATE_METHOD_MATCH = YES;
				"CODE_SIGN_IDENTITY[sdk=iphoneos*]" = "iPhone Developer";
				COPY_PHASE_STRIP = YES;
				ENABLE_NS_ASSERTIONS = NO;
				GCC_C_LANGUAGE_STANDARD = gnu99;
				GCC_WARN_64_TO_32_BIT_CONVERSION = YES;
				GCC_WARN_ABOUT_RETURN_TYPE = YES_ERROR;
				GCC_WARN_UNDECLARED_SELECTOR = YES;
				GCC_WARN_UNINITIALIZED_AUTOS = YES;
				GCC_WARN_UNUSED_FUNCTION = YES;
				GCC_WARN_UNUSED_VARIABLE = YES;
				IPHONEOS_DEPLOYMENT_TARGET = 7.0;
				SDKROOT = iphoneos;
				TARGETED_DEVICE_FAMILY = "1,2";
				VALIDATE_PRODUCT = YES;
			};
			name = Release;
		};
		058C556418A461A700C3E534 /* Debug */ = {
			isa = XCBuildConfiguration;
			buildSettings = {
				ASSETCATALOG_COMPILER_APPICON_NAME = AppIcon;
				ASSETCATALOG_COMPILER_LAUNCHIMAGE_NAME = LaunchImage;
				GCC_PRECOMPILE_PREFIX_HEADER = YES;
				GCC_PREFIX_HEADER = "Momonica/Momonica-Prefix.pch";
				INFOPLIST_FILE = "Momonica/Momonica-Info.plist";
				PRODUCT_NAME = "$(TARGET_NAME)";
				WRAPPER_EXTENSION = app;
			};
			name = Debug;
		};
		058C556518A461A700C3E534 /* Release */ = {
			isa = XCBuildConfiguration;
			buildSettings = {
				ASSETCATALOG_COMPILER_APPICON_NAME = AppIcon;
				ASSETCATALOG_COMPILER_LAUNCHIMAGE_NAME = LaunchImage;
				GCC_PRECOMPILE_PREFIX_HEADER = YES;
				GCC_PREFIX_HEADER = "Momonica/Momonica-Prefix.pch";
				INFOPLIST_FILE = "Momonica/Momonica-Info.plist";
				PRODUCT_NAME = "$(TARGET_NAME)";
				WRAPPER_EXTENSION = app;
			};
			name = Release;
		};
		058C556718A461A700C3E534 /* Debug */ = {
			isa = XCBuildConfiguration;
			buildSettings = {
				ARCHS = "$(ARCHS_STANDARD_INCLUDING_64_BIT)";
				BUNDLE_LOADER = "$(BUILT_PRODUCTS_DIR)/Momonica.app/Momonica";
				FRAMEWORK_SEARCH_PATHS = (
					"$(SDKROOT)/Developer/Library/Frameworks",
					"$(inherited)",
					"$(DEVELOPER_FRAMEWORKS_DIR)",
				);
				GCC_PRECOMPILE_PREFIX_HEADER = YES;
				GCC_PREFIX_HEADER = "Momonica/Momonica-Prefix.pch";
				GCC_PREPROCESSOR_DEFINITIONS = (
					"DEBUG=1",
					"$(inherited)",
				);
				INFOPLIST_FILE = "MomonicaTests/MomonicaTests-Info.plist";
				PRODUCT_NAME = "$(TARGET_NAME)";
				TEST_HOST = "$(BUNDLE_LOADER)";
				WRAPPER_EXTENSION = xctest;
			};
			name = Debug;
		};
		058C556818A461A700C3E534 /* Release */ = {
			isa = XCBuildConfiguration;
			buildSettings = {
				ARCHS = "$(ARCHS_STANDARD_INCLUDING_64_BIT)";
				BUNDLE_LOADER = "$(BUILT_PRODUCTS_DIR)/Momonica.app/Momonica";
				FRAMEWORK_SEARCH_PATHS = (
					"$(SDKROOT)/Developer/Library/Frameworks",
					"$(inherited)",
					"$(DEVELOPER_FRAMEWORKS_DIR)",
				);
				GCC_PRECOMPILE_PREFIX_HEADER = YES;
				GCC_PREFIX_HEADER = "Momonica/Momonica-Prefix.pch";
				INFOPLIST_FILE = "MomonicaTests/MomonicaTests-Info.plist";
				PRODUCT_NAME = "$(TARGET_NAME)";
				TEST_HOST = "$(BUNDLE_LOADER)";
				WRAPPER_EXTENSION = xctest;
			};
			name = Release;
		};
/* End XCBuildConfiguration section */

/* Begin XCConfigurationList section */
		058C552118A461A700C3E534 /* Build configuration list for PBXProject "Momonica" */ = {
			isa = XCConfigurationList;
			buildConfigurations = (
				058C556118A461A700C3E534 /* Debug */,
				058C556218A461A700C3E534 /* Release */,
			);
			defaultConfigurationIsVisible = 0;
			defaultConfigurationName = Release;
		};
		058C556318A461A700C3E534 /* Build configuration list for PBXNativeTarget "Momonica" */ = {
			isa = XCConfigurationList;
			buildConfigurations = (
				058C556418A461A700C3E534 /* Debug */,
				058C556518A461A700C3E534 /* Release */,
			);
			defaultConfigurationIsVisible = 0;
			defaultConfigurationName = Release;
		};
		058C556618A461A700C3E534 /* Build configuration list for PBXNativeTarget "MomonicaTests" */ = {
			isa = XCConfigurationList;
			buildConfigurations = (
				058C556718A461A700C3E534 /* Debug */,
				058C556818A461A700C3E534 /* Release */,
			);
			defaultConfigurationIsVisible = 0;
			defaultConfigurationName = Release;
		};
/* End XCConfigurationList section */
	};
	rootObject = 058C551E18A461A700C3E534 /* Project object */;
}
